
Microsoft Visual Studio Solution File, Format Version 12.00
Project("{FAE04EC0-301F-11D3-BF4B-00C04F79EFBC}") = "Capstone.Admin", "Capstone.Admin\Capstone.Admin.csproj", "{6E96C3B7-3139-4C49-B960-B771D15187C8}"
EndProject
Project("{FAE04EC0-301F-11D3-BF4B-00C04F79EFBC}") = "Capstone.Flight", "Capstone.Flight\Capstone.Flight.csproj", "{D7E37E74-C161-4AD2-8ADA-B6499BD9C586}"
EndProject
Project("{FAE04EC0-301F-11D3-BF4B-00C04F79EFBC}") = "Capstone.EndUser", "Capstone.EndUser\Capstone.EndUser.csproj", "{A5CB16B5-3097-4B6A-9048-B1439DC28F05}"
EndProject
Global
	GlobalSection(SolutionConfigurationPlatforms) = preSolution
		Debug|Any CPU = Debug|Any CPU
		Release|Any CPU = Release|Any CPU
	EndGlobalSection
	GlobalSection(ProjectConfigurationPlatforms) = postSolution
		{6E96C3B7-3139-4C49-B960-B771D15187C8}.Debug|Any CPU.ActiveCfg = Debug|Any CPU
		{6E96C3B7-3139-4C49-B960-B771D15187C8}.Debug|Any CPU.Build.0 = Debug|Any CPU
		{6E96C3B7-3139-4C49-B960-B771D15187C8}.Release|Any CPU.ActiveCfg = Release|Any CPU
		{6E96C3B7-3139-4C49-B960-B771D15187C8}.Release|Any CPU.Build.0 = Release|Any CPU
		{D7E37E74-C161-4AD2-8ADA-B6499BD9C586}.Debug|Any CPU.ActiveCfg = Debug|Any CPU
		{D7E37E74-C161-4AD2-8ADA-B6499BD9C586}.Debug|Any CPU.Build.0 = Debug|Any CPU
		{D7E37E74-C161-4AD2-8ADA-B6499BD9C586}.Release|Any CPU.ActiveCfg = Release|Any CPU
		{D7E37E74-C161-4AD2-8ADA-B6499BD9C586}.Release|Any CPU.Build.0 = Release|Any CPU
		{A5CB16B5-3097-4B6A-9048-B1439DC28F05}.Debug|Any CPU.ActiveCfg = Debug|Any CPU
		{A5CB16B5-3097-4B6A-9048-B1439DC28F05}.Debug|Any CPU.Build.0 = Debug|Any CPU
		{A5CB16B5-3097-4B6A-9048-B1439DC28F05}.Release|Any CPU.ActiveCfg = Release|Any CPU
		{A5CB16B5-3097-4B6A-9048-B1439DC28F05}.Release|Any CPU.Build.0 = Release|Any CPU
	EndGlobalSection
EndGlobal
